
Microsoft Visual Studio Solution File, Format Version 12.00
# Visual Studio 15
VisualStudioVersion = 15.0.28307.572
MinimumVisualStudioVersion = 10.0.40219.1
Project("{2150E333-8FDC-42A3-9474-1A3956D46DE8}") = "Solution Items", "Solution Items", "{1ED3D6E9-9DCB-4567-8BBC-CE688C055DB6}"
	ProjectSection(SolutionItems) = preProject
		localtestrun.testrunconfig = localtestrun.testrunconfig
		Configuration\logger.xml = Configuration\logger.xml
		NateW.snk.pfx = NateW.snk.pfx
		SawMill.ReadMe.txt = SawMill.ReadMe.txt
		SSM.vsmdi = SSM.vsmdi
		ToDo.txt = ToDo.txt
		Version.cs = Version.cs
		XmlNav.txt = XmlNav.txt
	EndProjectSection
EndProject
Project("{FAE04EC0-301F-11D3-BF4B-00C04F79EFBC}") = "LumberjackCoreTest", "LumberjackCoreTest\LumberjackCoreTest.csproj", "{3003F22C-216B-4ADF-A4AD-3D222F95BDE6}"
EndProject
Project("{FAE04EC0-301F-11D3-BF4B-00C04F79EFBC}") = "TreeHugger", "TreeHugger\TreeHugger.csproj", "{2381F7B8-7FD0-4542-A05C-5627A9FD0619}"
EndProject
Project("{FAE04EC0-301F-11D3-BF4B-00C04F79EFBC}") = "SsmProtocol", "SsmProtocol\SsmProtocol.csproj", "{6FB3CE75-779B-4289-8B80-BDC1313197FB}"
EndProject
Project("{FAE04EC0-301F-11D3-BF4B-00C04F79EFBC}") = "Lumberjack", "Lumberjack\Lumberjack.csproj", "{2E58FE9D-2BBA-45DC-BB61-D168D75AD9DE}"
EndProject
Project("{FAE04EC0-301F-11D3-BF4B-00C04F79EFBC}") = "LumberjackCore", "LumberjackCore\LumberjackCore.csproj", "{5905CB48-8F06-41DA-9F89-328A7B451E57}"
EndProject
Project("{FAE04EC0-301F-11D3-BF4B-00C04F79EFBC}") = "SsmProtocol-CE", "SsmProtocol-CE\SsmProtocol-CE.csproj", "{4B698D20-7CDE-4922-94FE-ADE0AC6198D0}"
EndProject
Project("{FAE04EC0-301F-11D3-BF4B-00C04F79EFBC}") = "Lumberjack-CE", "Lumberjack-CE\Lumberjack-CE.csproj", "{4EE536E5-D9AE-459E-8A56-F8A70A6AE466}"
EndProject
Project("{FAE04EC0-301F-11D3-BF4B-00C04F79EFBC}") = "SawMill", "SawMill\SawMill.csproj", "{41D8AB44-3627-406C-90C0-F0B565A9C1EA}"
EndProject
Project("{FAE04EC0-301F-11D3-BF4B-00C04F79EFBC}") = "SawMillCore", "SawMillCore\SawMillCore.csproj", "{FC9B69A2-7955-405D-B909-8972FBD7E94A}"
EndProject
Project("{FAE04EC0-301F-11D3-BF4B-00C04F79EFBC}") = "SawMillCoreTest", "SawMillCoreTest\SawMillCoreTest.csproj", "{48464A73-DF4B-41EF-A83A-338A85895065}"
EndProject
Project("{FAE04EC0-301F-11D3-BF4B-00C04F79EFBC}") = "EcuDump", "EcuDump\EcuDump.csproj", "{C70CEEA9-9A8C-4D07-8206-2D8558E730B3}"
EndProject
Project("{FAE04EC0-301F-11D3-BF4B-00C04F79EFBC}") = "J2534", "J2534\J2534.csproj", "{E524FB04-7F42-4830-BA00-F09CDAB7C1CE}"
EndProject
Project("{FAE04EC0-301F-11D3-BF4B-00C04F79EFBC}") = "J2534Test", "J2534Test\J2534Test.csproj", "{97D96A0A-D72E-4B72-90E6-D5AC50E27C5B}"
EndProject
Project("{54435603-DBB4-11D2-8724-00A0C9A8B90C}") = "SsmSuiteSetup", "Setup\SsmSuiteSetup.vdproj", "{FDA9F9DD-0E54-4222-9792-2B3965B3A9B1}"
EndProject
Project("{FAE04EC0-301F-11D3-BF4B-00C04F79EFBC}") = "SsmProtocolTest", "SsmProtocolTest\SsmProtocolTest.csproj", "{BE864DA3-1227-43B6-AA69-66FB505640B2}"
EndProject
Project("{FAE04EC0-301F-11D3-BF4B-00C04F79EFBC}") = "J2534Exe", "J2534Exe\J2534Exe.csproj", "{B138311F-BA89-4951-87AA-A4F66A5DDC80}"
EndProject
Project("{8BC9CEB8-8B4A-11D0-8D11-00A0C91BC942}") = "J2534Mock", "J2534Mock\J2534Mock.vcxproj", "{866D6995-E219-4CC8-B99C-277935679D2D}"
EndProject
Project("{FAE04EC0-301F-11D3-BF4B-00C04F79EFBC}") = "SsmProbe", "SsmProbe\SsmProbe.csproj", "{6E4C8B4D-ED19-449B-A943-4453141489A8}"
EndProject
Global
	GlobalSection(SolutionConfigurationPlatforms) = preSolution
		Debug|Any CPU = Debug|Any CPU
		Debug|Itanium = Debug|Itanium
		Debug|Mixed Platforms = Debug|Mixed Platforms
		Debug|Win32 = Debug|Win32
		Debug|x86 = Debug|x86
		Release|Any CPU = Release|Any CPU
		Release|Itanium = Release|Itanium
		Release|Mixed Platforms = Release|Mixed Platforms
		Release|Win32 = Release|Win32
		Release|x86 = Release|x86
	EndGlobalSection
	GlobalSection(ProjectConfigurationPlatforms) = postSolution
		{3003F22C-216B-4ADF-A4AD-3D222F95BDE6}.Debug|Any CPU.ActiveCfg = Debug|Any CPU
		{3003F22C-216B-4ADF-A4AD-3D222F95BDE6}.Debug|Any CPU.Build.0 = Debug|Any CPU
		{3003F22C-216B-4ADF-A4AD-3D222F95BDE6}.Debug|Itanium.ActiveCfg = Debug|Any CPU
		{3003F22C-216B-4ADF-A4AD-3D222F95BDE6}.Debug|Mixed Platforms.ActiveCfg = Debug|Any CPU
		{3003F22C-216B-4ADF-A4AD-3D222F95BDE6}.Debug|Mixed Platforms.Build.0 = Debug|Any CPU
		{3003F22C-216B-4ADF-A4AD-3D222F95BDE6}.Debug|Win32.ActiveCfg = Debug|x86
		{3003F22C-216B-4ADF-A4AD-3D222F95BDE6}.Debug|x86.ActiveCfg = Debug|x86
		{3003F22C-216B-4ADF-A4AD-3D222F95BDE6}.Debug|x86.Build.0 = Debug|x86
		{3003F22C-216B-4ADF-A4AD-3D222F95BDE6}.Release|Any CPU.ActiveCfg = Release|Any CPU
		{3003F22C-216B-4ADF-A4AD-3D222F95BDE6}.Release|Any CPU.Build.0 = Release|Any CPU
		{3003F22C-216B-4ADF-A4AD-3D222F95BDE6}.Release|Itanium.ActiveCfg = Release|Any CPU
		{3003F22C-216B-4ADF-A4AD-3D222F95BDE6}.Release|Mixed Platforms.ActiveCfg = Release|x86
		{3003F22C-216B-4ADF-A4AD-3D222F95BDE6}.Release|Mixed Platforms.Build.0 = Release|x86
		{3003F22C-216B-4ADF-A4AD-3D222F95BDE6}.Release|Win32.ActiveCfg = Release|x86
		{3003F22C-216B-4ADF-A4AD-3D222F95BDE6}.Release|x86.ActiveCfg = Release|Any CPU
		{2381F7B8-7FD0-4542-A05C-5627A9FD0619}.Debug|Any CPU.ActiveCfg = Debug|Any CPU
		{2381F7B8-7FD0-4542-A05C-5627A9FD0619}.Debug|Any CPU.Build.0 = Debug|Any CPU
		{2381F7B8-7FD0-4542-A05C-5627A9FD0619}.Debug|Itanium.ActiveCfg = Debug|Any CPU
		{2381F7B8-7FD0-4542-A05C-5627A9FD0619}.Debug|Mixed Platforms.ActiveCfg = Debug|Any CPU
		{2381F7B8-7FD0-4542-A05C-5627A9FD0619}.Debug|Mixed Platforms.Build.0 = Debug|Any CPU
		{2381F7B8-7FD0-4542-A05C-5627A9FD0619}.Debug|Win32.ActiveCfg = Debug|Any CPU
		{2381F7B8-7FD0-4542-A05C-5627A9FD0619}.Debug|x86.ActiveCfg = Debug|x86
		{2381F7B8-7FD0-4542-A05C-5627A9FD0619}.Debug|x86.Build.0 = Debug|x86
		{2381F7B8-7FD0-4542-A05C-5627A9FD0619}.Release|Any CPU.ActiveCfg = Release|Any CPU
		{2381F7B8-7FD0-4542-A05C-5627A9FD0619}.Release|Any CPU.Build.0 = Release|Any CPU
		{2381F7B8-7FD0-4542-A05C-5627A9FD0619}.Release|Itanium.ActiveCfg = Release|Any CPU
		{2381F7B8-7FD0-4542-A05C-5627A9FD0619}.Release|Mixed Platforms.ActiveCfg = Release|Any CPU
		{2381F7B8-7FD0-4542-A05C-5627A9FD0619}.Release|Mixed Platforms.Build.0 = Release|Any CPU
		{2381F7B8-7FD0-4542-A05C-5627A9FD0619}.Release|Win32.ActiveCfg = Release|Any CPU
		{2381F7B8-7FD0-4542-A05C-5627A9FD0619}.Release|x86.ActiveCfg = Release|Any CPU
		{6FB3CE75-779B-4289-8B80-BDC1313197FB}.Debug|Any CPU.ActiveCfg = Debug|Any CPU
		{6FB3CE75-779B-4289-8B80-BDC1313197FB}.Debug|Any CPU.Build.0 = Debug|Any CPU
		{6FB3CE75-779B-4289-8B80-BDC1313197FB}.Debug|Itanium.ActiveCfg = Debug|Itanium
		{6FB3CE75-779B-4289-8B80-BDC1313197FB}.Debug|Itanium.Build.0 = Debug|Itanium
		{6FB3CE75-779B-4289-8B80-BDC1313197FB}.Debug|Mixed Platforms.ActiveCfg = Debug|Any CPU
		{6FB3CE75-779B-4289-8B80-BDC1313197FB}.Debug|Mixed Platforms.Build.0 = Debug|Any CPU
		{6FB3CE75-779B-4289-8B80-BDC1313197FB}.Debug|Win32.ActiveCfg = Debug|Itanium
		{6FB3CE75-779B-4289-8B80-BDC1313197FB}.Debug|x86.ActiveCfg = Debug|x86
		{6FB3CE75-779B-4289-8B80-BDC1313197FB}.Debug|x86.Build.0 = Debug|x86
		{6FB3CE75-779B-4289-8B80-BDC1313197FB}.Release|Any CPU.ActiveCfg = Release|Any CPU
		{6FB3CE75-779B-4289-8B80-BDC1313197FB}.Release|Any CPU.Build.0 = Release|Any CPU
		{6FB3CE75-779B-4289-8B80-BDC1313197FB}.Release|Itanium.ActiveCfg = Release|Itanium
		{6FB3CE75-779B-4289-8B80-BDC1313197FB}.Release|Itanium.Build.0 = Release|Itanium
		{6FB3CE75-779B-4289-8B80-BDC1313197FB}.Release|Mixed Platforms.ActiveCfg = Release|Itanium
		{6FB3CE75-779B-4289-8B80-BDC1313197FB}.Release|Mixed Platforms.Build.0 = Release|Itanium
		{6FB3CE75-779B-4289-8B80-BDC1313197FB}.Release|Win32.ActiveCfg = Release|Itanium
		{6FB3CE75-779B-4289-8B80-BDC1313197FB}.Release|x86.ActiveCfg = Release|x86
		{6FB3CE75-779B-4289-8B80-BDC1313197FB}.Release|x86.Build.0 = Release|x86
		{2E58FE9D-2BBA-45DC-BB61-D168D75AD9DE}.Debug|Any CPU.ActiveCfg = Debug|Any CPU
		{2E58FE9D-2BBA-45DC-BB61-D168D75AD9DE}.Debug|Any CPU.Build.0 = Debug|Any CPU
		{2E58FE9D-2BBA-45DC-BB61-D168D75AD9DE}.Debug|Itanium.ActiveCfg = Debug|Itanium
		{2E58FE9D-2BBA-45DC-BB61-D168D75AD9DE}.Debug|Itanium.Build.0 = Debug|Itanium
		{2E58FE9D-2BBA-45DC-BB61-D168D75AD9DE}.Debug|Mixed Platforms.ActiveCfg = Debug|Any CPU
		{2E58FE9D-2BBA-45DC-BB61-D168D75AD9DE}.Debug|Mixed Platforms.Build.0 = Debug|Any CPU
		{2E58FE9D-2BBA-45DC-BB61-D168D75AD9DE}.Debug|Win32.ActiveCfg = Debug|Itanium
		{2E58FE9D-2BBA-45DC-BB61-D168D75AD9DE}.Debug|x86.ActiveCfg = Debug|x86
		{2E58FE9D-2BBA-45DC-BB61-D168D75AD9DE}.Debug|x86.Build.0 = Debug|x86
		{2E58FE9D-2BBA-45DC-BB61-D168D75AD9DE}.Release|Any CPU.ActiveCfg = Release|Any CPU
		{2E58FE9D-2BBA-45DC-BB61-D168D75AD9DE}.Release|Any CPU.Build.0 = Release|Any CPU
		{2E58FE9D-2BBA-45DC-BB61-D168D75AD9DE}.Release|Itanium.ActiveCfg = Release|Itanium
		{2E58FE9D-2BBA-45DC-BB61-D168D75AD9DE}.Release|Itanium.Build.0 = Release|Itanium
		{2E58FE9D-2BBA-45DC-BB61-D168D75AD9DE}.Release|Mixed Platforms.ActiveCfg = Release|Itanium
		{2E58FE9D-2BBA-45DC-BB61-D168D75AD9DE}.Release|Mixed Platforms.Build.0 = Release|Itanium
		{2E58FE9D-2BBA-45DC-BB61-D168D75AD9DE}.Release|Win32.ActiveCfg = Release|Itanium
		{2E58FE9D-2BBA-45DC-BB61-D168D75AD9DE}.Release|x86.ActiveCfg = Release|x86
		{2E58FE9D-2BBA-45DC-BB61-D168D75AD9DE}.Release|x86.Build.0 = Release|x86
		{5905CB48-8F06-41DA-9F89-328A7B451E57}.Debug|Any CPU.ActiveCfg = Debug|Any CPU
		{5905CB48-8F06-41DA-9F89-328A7B451E57}.Debug|Any CPU.Build.0 = Debug|Any CPU
		{5905CB48-8F06-41DA-9F89-328A7B451E57}.Debug|Itanium.ActiveCfg = Debug|Any CPU
		{5905CB48-8F06-41DA-9F89-328A7B451E57}.Debug|Mixed Platforms.ActiveCfg = Debug|Any CPU
		{5905CB48-8F06-41DA-9F89-328A7B451E57}.Debug|Mixed Platforms.Build.0 = Debug|Any CPU
		{5905CB48-8F06-41DA-9F89-328A7B451E57}.Debug|Win32.ActiveCfg = Debug|x86
		{5905CB48-8F06-41DA-9F89-328A7B451E57}.Debug|x86.ActiveCfg = Debug|x86
		{5905CB48-8F06-41DA-9F89-328A7B451E57}.Debug|x86.Build.0 = Debug|x86
		{5905CB48-8F06-41DA-9F89-328A7B451E57}.Release|Any CPU.ActiveCfg = Release|Any CPU
		{5905CB48-8F06-41DA-9F89-328A7B451E57}.Release|Any CPU.Build.0 = Release|Any CPU
		{5905CB48-8F06-41DA-9F89-328A7B451E57}.Release|Itanium.ActiveCfg = Release|Any CPU
		{5905CB48-8F06-41DA-9F89-328A7B451E57}.Release|Mixed Platforms.ActiveCfg = Release|x86
		{5905CB48-8F06-41DA-9F89-328A7B451E57}.Release|Mixed Platforms.Build.0 = Release|x86
		{5905CB48-8F06-41DA-9F89-328A7B451E57}.Release|Win32.ActiveCfg = Release|x86
		{5905CB48-8F06-41DA-9F89-328A7B451E57}.Release|x86.ActiveCfg = Release|Any CPU
		{4B698D20-7CDE-4922-94FE-ADE0AC6198D0}.Debug|Any CPU.ActiveCfg = Debug|Any CPU
		{4B698D20-7CDE-4922-94FE-ADE0AC6198D0}.Debug|Any CPU.Build.0 = Debug|Any CPU
		{4B698D20-7CDE-4922-94FE-ADE0AC6198D0}.Debug|Itanium.ActiveCfg = Debug|Any CPU
		{4B698D20-7CDE-4922-94FE-ADE0AC6198D0}.Debug|Mixed Platforms.ActiveCfg = Debug|Any CPU
		{4B698D20-7CDE-4922-94FE-ADE0AC6198D0}.Debug|Mixed Platforms.Build.0 = Debug|Any CPU
		{4B698D20-7CDE-4922-94FE-ADE0AC6198D0}.Debug|Win32.ActiveCfg = Debug|Any CPU
		{4B698D20-7CDE-4922-94FE-ADE0AC6198D0}.Debug|x86.ActiveCfg = Debug|Any CPU
		{4B698D20-7CDE-4922-94FE-ADE0AC6198D0}.Debug|x86.Build.0 = Debug|Any CPU
		{4B698D20-7CDE-4922-94FE-ADE0AC6198D0}.Release|Any CPU.ActiveCfg = Release|Any CPU
		{4B698D20-7CDE-4922-94FE-ADE0AC6198D0}.Release|Any CPU.Build.0 = Release|Any CPU
		{4B698D20-7CDE-4922-94FE-ADE0AC6198D0}.Release|Itanium.ActiveCfg = Release|Any CPU
		{4B698D20-7CDE-4922-94FE-ADE0AC6198D0}.Release|Mixed Platforms.ActiveCfg = Release|Any CPU
		{4B698D20-7CDE-4922-94FE-ADE0AC6198D0}.Release|Mixed Platforms.Build.0 = Release|Any CPU
		{4B698D20-7CDE-4922-94FE-ADE0AC6198D0}.Release|Win32.ActiveCfg = Release|Any CPU
		{4B698D20-7CDE-4922-94FE-ADE0AC6198D0}.Release|x86.ActiveCfg = Release|Any CPU
		{4EE536E5-D9AE-459E-8A56-F8A70A6AE466}.Debug|Any CPU.ActiveCfg = Debug|Any CPU
		{4EE536E5-D9AE-459E-8A56-F8A70A6AE466}.Debug|Any CPU.Build.0 = Debug|Any CPU
		{4EE536E5-D9AE-459E-8A56-F8A70A6AE466}.Debug|Itanium.ActiveCfg = Debug|Any CPU
		{4EE536E5-D9AE-459E-8A56-F8A70A6AE466}.Debug|Mixed Platforms.ActiveCfg = Debug|Any CPU
		{4EE536E5-D9AE-459E-8A56-F8A70A6AE466}.Debug|Mixed Platforms.Build.0 = Debug|Any CPU
		{4EE536E5-D9AE-459E-8A56-F8A70A6AE466}.Debug|Win32.ActiveCfg = Debug|Any CPU
		{4EE536E5-D9AE-459E-8A56-F8A70A6AE466}.Debug|x86.ActiveCfg = Debug|Any CPU
		{4EE536E5-D9AE-459E-8A56-F8A70A6AE466}.Debug|x86.Build.0 = Debug|Any CPU
		{4EE536E5-D9AE-459E-8A56-F8A70A6AE466}.Release|Any CPU.ActiveCfg = Release|Any CPU
		{4EE536E5-D9AE-459E-8A56-F8A70A6AE466}.Release|Any CPU.Build.0 = Release|Any CPU
		{4EE536E5-D9AE-459E-8A56-F8A70A6AE466}.Release|Any CPU.Deploy.0 = Release|Any CPU
		{4EE536E5-D9AE-459E-8A56-F8A70A6AE466}.Release|Itanium.ActiveCfg = Release|Any CPU
		{4EE536E5-D9AE-459E-8A56-F8A70A6AE466}.Release|Mixed Platforms.ActiveCfg = Release|Any CPU
		{4EE536E5-D9AE-459E-8A56-F8A70A6AE466}.Release|Mixed Platforms.Build.0 = Release|Any CPU
		{4EE536E5-D9AE-459E-8A56-F8A70A6AE466}.Release|Mixed Platforms.Deploy.0 = Release|Any CPU
		{4EE536E5-D9AE-459E-8A56-F8A70A6AE466}.Release|Win32.ActiveCfg = Release|Any CPU
		{4EE536E5-D9AE-459E-8A56-F8A70A6AE466}.Release|x86.ActiveCfg = Release|Any CPU
		{41D8AB44-3627-406C-90C0-F0B565A9C1EA}.Debug|Any CPU.ActiveCfg = Debug|Any CPU
		{41D8AB44-3627-406C-90C0-F0B565A9C1EA}.Debug|Any CPU.Build.0 = Debug|Any CPU
		{41D8AB44-3627-406C-90C0-F0B565A9C1EA}.Debug|Itanium.ActiveCfg = Debug|Any CPU
		{41D8AB44-3627-406C-90C0-F0B565A9C1EA}.Debug|Mixed Platforms.ActiveCfg = Debug|Any CPU
		{41D8AB44-3627-406C-90C0-F0B565A9C1EA}.Debug|Mixed Platforms.Build.0 = Debug|Any CPU
		{41D8AB44-3627-406C-90C0-F0B565A9C1EA}.Debug|Win32.ActiveCfg = Debug|Any CPU
		{41D8AB44-3627-406C-90C0-F0B565A9C1EA}.Debug|x86.ActiveCfg = Debug|x86
		{41D8AB44-3627-406C-90C0-F0B565A9C1EA}.Debug|x86.Build.0 = Debug|x86
		{41D8AB44-3627-406C-90C0-F0B565A9C1EA}.Release|Any CPU.ActiveCfg = Release|Any CPU
		{41D8AB44-3627-406C-90C0-F0B565A9C1EA}.Release|Any CPU.Build.0 = Release|Any CPU
		{41D8AB44-3627-406C-90C0-F0B565A9C1EA}.Release|Itanium.ActiveCfg = Release|Any CPU
		{41D8AB44-3627-406C-90C0-F0B565A9C1EA}.Release|Mixed Platforms.ActiveCfg = Release|Any CPU
		{41D8AB44-3627-406C-90C0-F0B565A9C1EA}.Release|Mixed Platforms.Build.0 = Release|Any CPU
		{41D8AB44-3627-406C-90C0-F0B565A9C1EA}.Release|Win32.ActiveCfg = Release|Any CPU
		{41D8AB44-3627-406C-90C0-F0B565A9C1EA}.Release|x86.ActiveCfg = Release|Any CPU
		{FC9B69A2-7955-405D-B909-8972FBD7E94A}.Debug|Any CPU.ActiveCfg = Debug|Any CPU
		{FC9B69A2-7955-405D-B909-8972FBD7E94A}.Debug|Any CPU.Build.0 = Debug|Any CPU
		{FC9B69A2-7955-405D-B909-8972FBD7E94A}.Debug|Itanium.ActiveCfg = Debug|Any CPU
		{FC9B69A2-7955-405D-B909-8972FBD7E94A}.Debug|Mixed Platforms.ActiveCfg = Debug|Any CPU
		{FC9B69A2-7955-405D-B909-8972FBD7E94A}.Debug|Mixed Platforms.Build.0 = Debug|Any CPU
		{FC9B69A2-7955-405D-B909-8972FBD7E94A}.Debug|Win32.ActiveCfg = Debug|Any CPU
		{FC9B69A2-7955-405D-B909-8972FBD7E94A}.Debug|x86.ActiveCfg = Debug|x86
		{FC9B69A2-7955-405D-B909-8972FBD7E94A}.Debug|x86.Build.0 = Debug|x86
		{FC9B69A2-7955-405D-B909-8972FBD7E94A}.Release|Any CPU.ActiveCfg = Release|Any CPU
		{FC9B69A2-7955-405D-B909-8972FBD7E94A}.Release|Any CPU.Build.0 = Release|Any CPU
		{FC9B69A2-7955-405D-B909-8972FBD7E94A}.Release|Itanium.ActiveCfg = Release|Any CPU
		{FC9B69A2-7955-405D-B909-8972FBD7E94A}.Release|Mixed Platforms.ActiveCfg = Release|Any CPU
		{FC9B69A2-7955-405D-B909-8972FBD7E94A}.Release|Mixed Platforms.Build.0 = Release|Any CPU
		{FC9B69A2-7955-405D-B909-8972FBD7E94A}.Release|Win32.ActiveCfg = Release|Any CPU
		{FC9B69A2-7955-405D-B909-8972FBD7E94A}.Release|x86.ActiveCfg = Release|Any CPU
		{48464A73-DF4B-41EF-A83A-338A85895065}.Debug|Any CPU.ActiveCfg = Debug|Any CPU
		{48464A73-DF4B-41EF-A83A-338A85895065}.Debug|Any CPU.Build.0 = Debug|Any CPU
		{48464A73-DF4B-41EF-A83A-338A85895065}.Debug|Itanium.ActiveCfg = Debug|Any CPU
		{48464A73-DF4B-41EF-A83A-338A85895065}.Debug|Mixed Platforms.ActiveCfg = Debug|Any CPU
		{48464A73-DF4B-41EF-A83A-338A85895065}.Debug|Mixed Platforms.Build.0 = Debug|Any CPU
		{48464A73-DF4B-41EF-A83A-338A85895065}.Debug|Win32.ActiveCfg = Debug|Any CPU
		{48464A73-DF4B-41EF-A83A-338A85895065}.Debug|x86.ActiveCfg = Debug|x86
		{48464A73-DF4B-41EF-A83A-338A85895065}.Debug|x86.Build.0 = Debug|x86
		{48464A73-DF4B-41EF-A83A-338A85895065}.Release|Any CPU.ActiveCfg = Release|Any CPU
		{48464A73-DF4B-41EF-A83A-338A85895065}.Release|Any CPU.Build.0 = Release|Any CPU
		{48464A73-DF4B-41EF-A83A-338A85895065}.Release|Itanium.ActiveCfg = Release|Any CPU
		{48464A73-DF4B-41EF-A83A-338A85895065}.Release|Mixed Platforms.ActiveCfg = Release|Any CPU
		{48464A73-DF4B-41EF-A83A-338A85895065}.Release|Mixed Platforms.Build.0 = Release|Any CPU
		{48464A73-DF4B-41EF-A83A-338A85895065}.Release|Win32.ActiveCfg = Release|Any CPU
		{48464A73-DF4B-41EF-A83A-338A85895065}.Release|x86.ActiveCfg = Release|Any CPU
		{C70CEEA9-9A8C-4D07-8206-2D8558E730B3}.Debug|Any CPU.ActiveCfg = Debug|Any CPU
		{C70CEEA9-9A8C-4D07-8206-2D8558E730B3}.Debug|Any CPU.Build.0 = Debug|Any CPU
		{C70CEEA9-9A8C-4D07-8206-2D8558E730B3}.Debug|Itanium.ActiveCfg = Debug|Any CPU
		{C70CEEA9-9A8C-4D07-8206-2D8558E730B3}.Debug|Mixed Platforms.ActiveCfg = Debug|Any CPU
		{C70CEEA9-9A8C-4D07-8206-2D8558E730B3}.Debug|Mixed Platforms.Build.0 = Debug|Any CPU
		{C70CEEA9-9A8C-4D07-8206-2D8558E730B3}.Debug|Win32.ActiveCfg = Debug|Any CPU
		{C70CEEA9-9A8C-4D07-8206-2D8558E730B3}.Debug|x86.ActiveCfg = Debug|x86
		{C70CEEA9-9A8C-4D07-8206-2D8558E730B3}.Debug|x86.Build.0 = Debug|x86
		{C70CEEA9-9A8C-4D07-8206-2D8558E730B3}.Release|Any CPU.ActiveCfg = Release|Any CPU
		{C70CEEA9-9A8C-4D07-8206-2D8558E730B3}.Release|Any CPU.Build.0 = Release|Any CPU
		{C70CEEA9-9A8C-4D07-8206-2D8558E730B3}.Release|Itanium.ActiveCfg = Release|Any CPU
		{C70CEEA9-9A8C-4D07-8206-2D8558E730B3}.Release|Mixed Platforms.ActiveCfg = Release|Any CPU
		{C70CEEA9-9A8C-4D07-8206-2D8558E730B3}.Release|Mixed Platforms.Build.0 = Release|Any CPU
		{C70CEEA9-9A8C-4D07-8206-2D8558E730B3}.Release|Win32.ActiveCfg = Release|Any CPU
		{C70CEEA9-9A8C-4D07-8206-2D8558E730B3}.Release|x86.ActiveCfg = Release|Any CPU
		{E524FB04-7F42-4830-BA00-F09CDAB7C1CE}.Debug|Any CPU.ActiveCfg = Debug|Any CPU
		{E524FB04-7F42-4830-BA00-F09CDAB7C1CE}.Debug|Any CPU.Build.0 = Debug|Any CPU
		{E524FB04-7F42-4830-BA00-F09CDAB7C1CE}.Debug|Itanium.ActiveCfg = Debug|Any CPU
		{E524FB04-7F42-4830-BA00-F09CDAB7C1CE}.Debug|Mixed Platforms.ActiveCfg = Debug|Any CPU
		{E524FB04-7F42-4830-BA00-F09CDAB7C1CE}.Debug|Mixed Platforms.Build.0 = Debug|Any CPU
		{E524FB04-7F42-4830-BA00-F09CDAB7C1CE}.Debug|Win32.ActiveCfg = Debug|Any CPU
		{E524FB04-7F42-4830-BA00-F09CDAB7C1CE}.Debug|x86.ActiveCfg = Debug|x86
		{E524FB04-7F42-4830-BA00-F09CDAB7C1CE}.Debug|x86.Build.0 = Debug|x86
		{E524FB04-7F42-4830-BA00-F09CDAB7C1CE}.Release|Any CPU.ActiveCfg = Release|Any CPU
		{E524FB04-7F42-4830-BA00-F09CDAB7C1CE}.Release|Any CPU.Build.0 = Release|Any CPU
		{E524FB04-7F42-4830-BA00-F09CDAB7C1CE}.Release|Itanium.ActiveCfg = Release|Any CPU
		{E524FB04-7F42-4830-BA00-F09CDAB7C1CE}.Release|Mixed Platforms.ActiveCfg = Release|Any CPU
		{E524FB04-7F42-4830-BA00-F09CDAB7C1CE}.Release|Mixed Platforms.Build.0 = Release|Any CPU
		{E524FB04-7F42-4830-BA00-F09CDAB7C1CE}.Release|Win32.ActiveCfg = Release|Any CPU
		{E524FB04-7F42-4830-BA00-F09CDAB7C1CE}.Release|x86.ActiveCfg = Release|Any CPU
		{97D96A0A-D72E-4B72-90E6-D5AC50E27C5B}.Debug|Any CPU.ActiveCfg = Debug|Any CPU
		{97D96A0A-D72E-4B72-90E6-D5AC50E27C5B}.Debug|Any CPU.Build.0 = Debug|Any CPU
		{97D96A0A-D72E-4B72-90E6-D5AC50E27C5B}.Debug|Itanium.ActiveCfg = Debug|Any CPU
		{97D96A0A-D72E-4B72-90E6-D5AC50E27C5B}.Debug|Mixed Platforms.ActiveCfg = Debug|Any CPU
		{97D96A0A-D72E-4B72-90E6-D5AC50E27C5B}.Debug|Mixed Platforms.Build.0 = Debug|Any CPU
		{97D96A0A-D72E-4B72-90E6-D5AC50E27C5B}.Debug|Win32.ActiveCfg = Debug|Any CPU
		{97D96A0A-D72E-4B72-90E6-D5AC50E27C5B}.Debug|x86.ActiveCfg = Debug|x86
		{97D96A0A-D72E-4B72-90E6-D5AC50E27C5B}.Debug|x86.Build.0 = Debug|x86
		{97D96A0A-D72E-4B72-90E6-D5AC50E27C5B}.Release|Any CPU.ActiveCfg = Release|Any CPU
		{97D96A0A-D72E-4B72-90E6-D5AC50E27C5B}.Release|Any CPU.Build.0 = Release|Any CPU
		{97D96A0A-D72E-4B72-90E6-D5AC50E27C5B}.Release|Itanium.ActiveCfg = Release|Any CPU
		{97D96A0A-D72E-4B72-90E6-D5AC50E27C5B}.Release|Mixed Platforms.ActiveCfg = Release|Any CPU
		{97D96A0A-D72E-4B72-90E6-D5AC50E27C5B}.Release|Mixed Platforms.Build.0 = Release|Any CPU
		{97D96A0A-D72E-4B72-90E6-D5AC50E27C5B}.Release|Win32.ActiveCfg = Release|Any CPU
		{97D96A0A-D72E-4B72-90E6-D5AC50E27C5B}.Release|x86.ActiveCfg = Release|Any CPU
		{FDA9F9DD-0E54-4222-9792-2B3965B3A9B1}.Debug|Any CPU.ActiveCfg = Debug
		{FDA9F9DD-0E54-4222-9792-2B3965B3A9B1}.Debug|Any CPU.Build.0 = Debug
		{FDA9F9DD-0E54-4222-9792-2B3965B3A9B1}.Debug|Itanium.ActiveCfg = Debug
		{FDA9F9DD-0E54-4222-9792-2B3965B3A9B1}.Debug|Itanium.Build.0 = Debug
		{FDA9F9DD-0E54-4222-9792-2B3965B3A9B1}.Debug|Mixed Platforms.ActiveCfg = Debug
		{FDA9F9DD-0E54-4222-9792-2B3965B3A9B1}.Debug|Mixed Platforms.Build.0 = Debug
		{FDA9F9DD-0E54-4222-9792-2B3965B3A9B1}.Debug|Win32.ActiveCfg = Debug
		{FDA9F9DD-0E54-4222-9792-2B3965B3A9B1}.Debug|Win32.Build.0 = Debug
		{FDA9F9DD-0E54-4222-9792-2B3965B3A9B1}.Debug|x86.ActiveCfg = Debug
		{FDA9F9DD-0E54-4222-9792-2B3965B3A9B1}.Debug|x86.Build.0 = Debug
		{FDA9F9DD-0E54-4222-9792-2B3965B3A9B1}.Release|Any CPU.ActiveCfg = Release
		{FDA9F9DD-0E54-4222-9792-2B3965B3A9B1}.Release|Any CPU.Build.0 = Release
		{FDA9F9DD-0E54-4222-9792-2B3965B3A9B1}.Release|Itanium.ActiveCfg = Release
		{FDA9F9DD-0E54-4222-9792-2B3965B3A9B1}.Release|Itanium.Build.0 = Release
		{FDA9F9DD-0E54-4222-9792-2B3965B3A9B1}.Release|Mixed Platforms.ActiveCfg = Release
		{FDA9F9DD-0E54-4222-9792-2B3965B3A9B1}.Release|Mixed Platforms.Build.0 = Release
		{FDA9F9DD-0E54-4222-9792-2B3965B3A9B1}.Release|Win32.ActiveCfg = Release
		{FDA9F9DD-0E54-4222-9792-2B3965B3A9B1}.Release|Win32.Build.0 = Release
		{FDA9F9DD-0E54-4222-9792-2B3965B3A9B1}.Release|x86.ActiveCfg = Release
		{FDA9F9DD-0E54-4222-9792-2B3965B3A9B1}.Release|x86.Build.0 = Release
		{BE864DA3-1227-43B6-AA69-66FB505640B2}.Debug|Any CPU.ActiveCfg = Debug|Any CPU
		{BE864DA3-1227-43B6-AA69-66FB505640B2}.Debug|Any CPU.Build.0 = Debug|Any CPU
		{BE864DA3-1227-43B6-AA69-66FB505640B2}.Debug|Itanium.ActiveCfg = Debug|Itanium
		{BE864DA3-1227-43B6-AA69-66FB505640B2}.Debug|Itanium.Build.0 = Debug|Itanium
		{BE864DA3-1227-43B6-AA69-66FB505640B2}.Debug|Mixed Platforms.ActiveCfg = Debug|Any CPU
		{BE864DA3-1227-43B6-AA69-66FB505640B2}.Debug|Mixed Platforms.Build.0 = Debug|Any CPU
		{BE864DA3-1227-43B6-AA69-66FB505640B2}.Debug|Win32.ActiveCfg = Debug|Itanium
		{BE864DA3-1227-43B6-AA69-66FB505640B2}.Debug|x86.ActiveCfg = Debug|x86
		{BE864DA3-1227-43B6-AA69-66FB505640B2}.Debug|x86.Build.0 = Debug|x86
		{BE864DA3-1227-43B6-AA69-66FB505640B2}.Release|Any CPU.ActiveCfg = Release|Any CPU
		{BE864DA3-1227-43B6-AA69-66FB505640B2}.Release|Any CPU.Build.0 = Release|Any CPU
		{BE864DA3-1227-43B6-AA69-66FB505640B2}.Release|Itanium.ActiveCfg = Release|Itanium
		{BE864DA3-1227-43B6-AA69-66FB505640B2}.Release|Itanium.Build.0 = Release|Itanium
		{BE864DA3-1227-43B6-AA69-66FB505640B2}.Release|Mixed Platforms.ActiveCfg = Release|Itanium
		{BE864DA3-1227-43B6-AA69-66FB505640B2}.Release|Mixed Platforms.Build.0 = Release|Itanium
		{BE864DA3-1227-43B6-AA69-66FB505640B2}.Release|Win32.ActiveCfg = Release|Itanium
		{BE864DA3-1227-43B6-AA69-66FB505640B2}.Release|x86.ActiveCfg = Release|x86
		{BE864DA3-1227-43B6-AA69-66FB505640B2}.Release|x86.Build.0 = Release|x86
		{B138311F-BA89-4951-87AA-A4F66A5DDC80}.Debug|Any CPU.ActiveCfg = Debug|Any CPU
		{B138311F-BA89-4951-87AA-A4F66A5DDC80}.Debug|Any CPU.Build.0 = Debug|Any CPU
		{B138311F-BA89-4951-87AA-A4F66A5DDC80}.Debug|Itanium.ActiveCfg = Debug|Any CPU
		{B138311F-BA89-4951-87AA-A4F66A5DDC80}.Debug|Mixed Platforms.ActiveCfg = Debug|Any CPU
		{B138311F-BA89-4951-87AA-A4F66A5DDC80}.Debug|Mixed Platforms.Build.0 = Debug|Any CPU
		{B138311F-BA89-4951-87AA-A4F66A5DDC80}.Debug|Win32.ActiveCfg = Debug|Any CPU
		{B138311F-BA89-4951-87AA-A4F66A5DDC80}.Debug|x86.ActiveCfg = Debug|x86
		{B138311F-BA89-4951-87AA-A4F66A5DDC80}.Debug|x86.Build.0 = Debug|x86
		{B138311F-BA89-4951-87AA-A4F66A5DDC80}.Release|Any CPU.ActiveCfg = Release|Any CPU
		{B138311F-BA89-4951-87AA-A4F66A5DDC80}.Release|Any CPU.Build.0 = Release|Any CPU
		{B138311F-BA89-4951-87AA-A4F66A5DDC80}.Release|Itanium.ActiveCfg = Release|Any CPU
		{B138311F-BA89-4951-87AA-A4F66A5DDC80}.Release|Mixed Platforms.ActiveCfg = Release|Any CPU
		{B138311F-BA89-4951-87AA-A4F66A5DDC80}.Release|Mixed Platforms.Build.0 = Release|Any CPU
		{B138311F-BA89-4951-87AA-A4F66A5DDC80}.Release|Win32.ActiveCfg = Release|Any CPU
		{B138311F-BA89-4951-87AA-A4F66A5DDC80}.Release|x86.ActiveCfg = Release|Any CPU
		{866D6995-E219-4CC8-B99C-277935679D2D}.Debug|Any CPU.ActiveCfg = Debug|Win32
		{866D6995-E219-4CC8-B99C-277935679D2D}.Debug|Itanium.ActiveCfg = Debug|Win32
		{866D6995-E219-4CC8-B99C-277935679D2D}.Debug|Mixed Platforms.ActiveCfg = Debug|Win32
		{866D6995-E219-4CC8-B99C-277935679D2D}.Debug|Mixed Platforms.Build.0 = Debug|Win32
		{866D6995-E219-4CC8-B99C-277935679D2D}.Debug|Win32.ActiveCfg = Debug|Win32
		{866D6995-E219-4CC8-B99C-277935679D2D}.Debug|Win32.Build.0 = Debug|Win32
		{866D6995-E219-4CC8-B99C-277935679D2D}.Debug|x86.ActiveCfg = Debug|Win32
		{866D6995-E219-4CC8-B99C-277935679D2D}.Debug|x86.Build.0 = Debug|Win32
		{866D6995-E219-4CC8-B99C-277935679D2D}.Release|Any CPU.ActiveCfg = Release|Win32
		{866D6995-E219-4CC8-B99C-277935679D2D}.Release|Itanium.ActiveCfg = Release|Win32
		{866D6995-E219-4CC8-B99C-277935679D2D}.Release|Mixed Platforms.ActiveCfg = Release|Win32
		{866D6995-E219-4CC8-B99C-277935679D2D}.Release|Mixed Platforms.Build.0 = Release|Win32
		{866D6995-E219-4CC8-B99C-277935679D2D}.Release|Win32.ActiveCfg = Release|Win32
		{866D6995-E219-4CC8-B99C-277935679D2D}.Release|Win32.Build.0 = Release|Win32
		{866D6995-E219-4CC8-B99C-277935679D2D}.Release|x86.ActiveCfg = Release|Win32
		{6E4C8B4D-ED19-449B-A943-4453141489A8}.Debug|Any CPU.ActiveCfg = Debug|Any CPU
		{6E4C8B4D-ED19-449B-A943-4453141489A8}.Debug|Any CPU.Build.0 = Debug|Any CPU
		{6E4C8B4D-ED19-449B-A943-4453141489A8}.Debug|Itanium.ActiveCfg = Debug|Any CPU
		{6E4C8B4D-ED19-449B-A943-4453141489A8}.Debug|Mixed Platforms.ActiveCfg = Debug|Any CPU
		{6E4C8B4D-ED19-449B-A943-4453141489A8}.Debug|Mixed Platforms.Build.0 = Debug|Any CPU
		{6E4C8B4D-ED19-449B-A943-4453141489A8}.Debug|Win32.ActiveCfg = Debug|Any CPU
		{6E4C8B4D-ED19-449B-A943-4453141489A8}.Debug|x86.ActiveCfg = Debug|Any CPU
		{6E4C8B4D-ED19-449B-A943-4453141489A8}.Release|Any CPU.ActiveCfg = Release|Any CPU
		{6E4C8B4D-ED19-449B-A943-4453141489A8}.Release|Any CPU.Build.0 = Release|Any CPU
		{6E4C8B4D-ED19-449B-A943-4453141489A8}.Release|Itanium.ActiveCfg = Release|Any CPU
		{6E4C8B4D-ED19-449B-A943-4453141489A8}.Release|Mixed Platforms.ActiveCfg = Release|Any CPU
		{6E4C8B4D-ED19-449B-A943-4453141489A8}.Release|Mixed Platforms.Build.0 = Release|Any CPU
		{6E4C8B4D-ED19-449B-A943-4453141489A8}.Release|Win32.ActiveCfg = Release|Any CPU
		{6E4C8B4D-ED19-449B-A943-4453141489A8}.Release|x86.ActiveCfg = Release|Any CPU
	EndGlobalSection
	GlobalSection(SolutionProperties) = preSolution
		HideSolutionNode = FALSE
	EndGlobalSection
	GlobalSection(ExtensibilityGlobals) = postSolution
		SolutionGuid = {6DBB76B5-1A08-43DB-9B8C-C9EB7E0D3734}
	EndGlobalSection
	GlobalSection(TestCaseManagementSettings) = postSolution
		CategoryFile = SSM.vsmdi
	EndGlobalSection
EndGlobal
